
Microsoft Visual Studio Solution File, Format Version 12.00
# Visual Studio Version 17
VisualStudioVersion = 17.1.32407.343
MinimumVisualStudioVersion = 10.0.40219.1
Project("{FAE04EC0-301F-11D3-BF4B-00C04F79EFBC}") = "Enums", "Enums\Enums.csproj", "{89BBA9CB-B891-4C0D-9855-24CA242CD4A4}"
EndProject
Global
	GlobalSection(SolutionConfigurationPlatforms) = preSolution
		Debug|Any CPU = Debug|Any CPU
		Release|Any CPU = Release|Any CPU
	EndGlobalSection
	GlobalSection(ProjectConfigurationPlatforms) = postSolution
		{89BBA9CB-B891-4C0D-9855-24CA242CD4A4}.Debug|Any CPU.ActiveCfg = Debug|Any CPU
		{89BBA9CB-B891-4C0D-9855-24CA242CD4A4}.Debug|Any CPU.Build.0 = Debug|Any CPU
		{89BBA9CB-B891-4C0D-9855-24CA242CD4A4}.Release|Any CPU.ActiveCfg = Release|Any CPU
		{89BBA9CB-B891-4C0D-9855-24CA242CD4A4}.Release|Any CPU.Build.0 = Release|Any CPU
	EndGlobalSection
	GlobalSection(SolutionProperties) = preSolution
		HideSolutionNode = FALSE
	EndGlobalSection
	GlobalSection(ExtensibilityGlobals) = postSolution
		SolutionGuid = {A2B13814-5A54-4BBD-A356-F175ADC297B0}
	EndGlobalSection
EndGlobal
