
Microsoft Visual Studio Solution File, Format Version 12.00
# Visual Studio Version 17
VisualStudioVersion = 17.1.32407.343
MinimumVisualStudioVersion = 10.0.40219.1
Project("{FAE04EC0-301F-11D3-BF4B-00C04F79EFBC}") = "StringBuilders", "StringBuilders\StringBuilders.csproj", "{A421AF7D-CB68-4672-83C5-1F7BB7C99654}"
EndProject
Global
	GlobalSection(SolutionConfigurationPlatforms) = preSolution
		Debug|Any CPU = Debug|Any CPU
		Release|Any CPU = Release|Any CPU
	EndGlobalSection
	GlobalSection(ProjectConfigurationPlatforms) = postSolution
		{A421AF7D-CB68-4672-83C5-1F7BB7C99654}.Debug|Any CPU.ActiveCfg = Debug|Any CPU
		{A421AF7D-CB68-4672-83C5-1F7BB7C99654}.Debug|Any CPU.Build.0 = Debug|Any CPU
		{A421AF7D-CB68-4672-83C5-1F7BB7C99654}.Release|Any CPU.ActiveCfg = Release|Any CPU
		{A421AF7D-CB68-4672-83C5-1F7BB7C99654}.Release|Any CPU.Build.0 = Release|Any CPU
	EndGlobalSection
	GlobalSection(SolutionProperties) = preSolution
		HideSolutionNode = FALSE
	EndGlobalSection
	GlobalSection(ExtensibilityGlobals) = postSolution
		SolutionGuid = {07E4311B-A201-46ED-A479-CAE75CF0AF25}
	EndGlobalSection
EndGlobal
