
Microsoft Visual Studio Solution File, Format Version 12.00
# Visual Studio Version 17
VisualStudioVersion = 17.1.32407.343
MinimumVisualStudioVersion = 10.0.40219.1
Project("{FAE04EC0-301F-11D3-BF4B-00C04F79EFBC}") = "Arrays", "Arrays\Arrays.csproj", "{330CF8AC-2A05-44D7-9361-27DB16791BDB}"
EndProject
Global
	GlobalSection(SolutionConfigurationPlatforms) = preSolution
		Debug|Any CPU = Debug|Any CPU
		Release|Any CPU = Release|Any CPU
	EndGlobalSection
	GlobalSection(ProjectConfigurationPlatforms) = postSolution
		{330CF8AC-2A05-44D7-9361-27DB16791BDB}.Debug|Any CPU.ActiveCfg = Debug|Any CPU
		{330CF8AC-2A05-44D7-9361-27DB16791BDB}.Debug|Any CPU.Build.0 = Debug|Any CPU
		{330CF8AC-2A05-44D7-9361-27DB16791BDB}.Release|Any CPU.ActiveCfg = Release|Any CPU
		{330CF8AC-2A05-44D7-9361-27DB16791BDB}.Release|Any CPU.Build.0 = Release|Any CPU
	EndGlobalSection
	GlobalSection(SolutionProperties) = preSolution
		HideSolutionNode = FALSE
	EndGlobalSection
	GlobalSection(ExtensibilityGlobals) = postSolution
		SolutionGuid = {64F2BBB8-06EE-4D59-85A4-69CAB6E82CE4}
	EndGlobalSection
EndGlobal
