
Microsoft Visual Studio Solution File, Format Version 12.00
# Visual Studio Version 17
VisualStudioVersion = 17.1.32407.343
MinimumVisualStudioVersion = 10.0.40219.1
Project("{FAE04EC0-301F-11D3-BF4B-00C04F79EFBC}") = "Classes", "Classes\Classes.csproj", "{C39FDA15-46E2-4C52-A97E-41FD6FDFF0BD}"
EndProject
Global
	GlobalSection(SolutionConfigurationPlatforms) = preSolution
		Debug|Any CPU = Debug|Any CPU
		Release|Any CPU = Release|Any CPU
	EndGlobalSection
	GlobalSection(ProjectConfigurationPlatforms) = postSolution
		{C39FDA15-46E2-4C52-A97E-41FD6FDFF0BD}.Debug|Any CPU.ActiveCfg = Debug|Any CPU
		{C39FDA15-46E2-4C52-A97E-41FD6FDFF0BD}.Debug|Any CPU.Build.0 = Debug|Any CPU
		{C39FDA15-46E2-4C52-A97E-41FD6FDFF0BD}.Release|Any CPU.ActiveCfg = Release|Any CPU
		{C39FDA15-46E2-4C52-A97E-41FD6FDFF0BD}.Release|Any CPU.Build.0 = Release|Any CPU
	EndGlobalSection
	GlobalSection(SolutionProperties) = preSolution
		HideSolutionNode = FALSE
	EndGlobalSection
	GlobalSection(ExtensibilityGlobals) = postSolution
		SolutionGuid = {61677BF4-C2D2-4481-BED0-7B399769EC3A}
	EndGlobalSection
EndGlobal
