
Microsoft Visual Studio Solution File, Format Version 12.00
# Visual Studio Version 17
VisualStudioVersion = 17.1.32407.343
MinimumVisualStudioVersion = 10.0.40219.1
Project("{FAE04EC0-301F-11D3-BF4B-00C04F79EFBC}") = "ReferenceTypesAndValueTypes", "ReferenceTypesAndValueTypes\ReferenceTypesAndValueTypes.csproj", "{508BBB24-1995-4154-BFB2-CA9B89C505AA}"
EndProject
Global
	GlobalSection(SolutionConfigurationPlatforms) = preSolution
		Debug|Any CPU = Debug|Any CPU
		Release|Any CPU = Release|Any CPU
	EndGlobalSection
	GlobalSection(ProjectConfigurationPlatforms) = postSolution
		{508BBB24-1995-4154-BFB2-CA9B89C505AA}.Debug|Any CPU.ActiveCfg = Debug|Any CPU
		{508BBB24-1995-4154-BFB2-CA9B89C505AA}.Debug|Any CPU.Build.0 = Debug|Any CPU
		{508BBB24-1995-4154-BFB2-CA9B89C505AA}.Release|Any CPU.ActiveCfg = Release|Any CPU
		{508BBB24-1995-4154-BFB2-CA9B89C505AA}.Release|Any CPU.Build.0 = Release|Any CPU
	EndGlobalSection
	GlobalSection(SolutionProperties) = preSolution
		HideSolutionNode = FALSE
	EndGlobalSection
	GlobalSection(ExtensibilityGlobals) = postSolution
		SolutionGuid = {1368AA27-FF70-4E6C-8298-FD628FB01D53}
	EndGlobalSection
EndGlobal
