
Microsoft Visual Studio Solution File, Format Version 12.00
# Visual Studio Version 17
VisualStudioVersion = 17.1.32407.343
MinimumVisualStudioVersion = 10.0.40219.1
Project("{FAE04EC0-301F-11D3-BF4B-00C04F79EFBC}") = "Date", "DateTime\Date.csproj", "{73999908-3B51-4937-A166-832ED171AC7C}"
EndProject
Global
	GlobalSection(SolutionConfigurationPlatforms) = preSolution
		Debug|Any CPU = Debug|Any CPU
		Release|Any CPU = Release|Any CPU
	EndGlobalSection
	GlobalSection(ProjectConfigurationPlatforms) = postSolution
		{73999908-3B51-4937-A166-832ED171AC7C}.Debug|Any CPU.ActiveCfg = Debug|Any CPU
		{73999908-3B51-4937-A166-832ED171AC7C}.Debug|Any CPU.Build.0 = Debug|Any CPU
		{73999908-3B51-4937-A166-832ED171AC7C}.Release|Any CPU.ActiveCfg = Release|Any CPU
		{73999908-3B51-4937-A166-832ED171AC7C}.Release|Any CPU.Build.0 = Release|Any CPU
	EndGlobalSection
	GlobalSection(SolutionProperties) = preSolution
		HideSolutionNode = FALSE
	EndGlobalSection
	GlobalSection(ExtensibilityGlobals) = postSolution
		SolutionGuid = {62C371B4-E75C-4658-BCCD-3EF7387EF025}
	EndGlobalSection
EndGlobal
